<?xml version="1.0" encoding="utf-8"?>
<Project ToolsVersion="4.0" xmlns="http://schemas.microsoft.com/developer/msbuild/2003">
  <ItemGroup>
    <Filter Include="Source Files">
      <UniqueIdentifier>{4FC737F1-C7A5-4376-A066-2A32D752A2FF}</UniqueIdentifier>
      <Extensions>cpp;c;cc;cxx;c++;cppm;ixx;def;odl;idl;hpj;bat;asm;asmx</Extensions>
    </Filter>
    <Filter Include="Header Files">
      <UniqueIdentifier>{93995380-89BD-4b04-88EB-625FBE52EBFB}</UniqueIdentifier>
      <Extensions>h;hh;hpp;hxx;h++;hm;inl;inc;ipp;xsd</Extensions>
    </Filter>
    <Filter Include="Resource Files">
      <UniqueIdentifier>{67DA6AB6-F800-4c08-8B7A-83BB121AAD01}</UniqueIdentifier>
      <Extensions>rc;ico;cur;bmp;dlg;rc2;rct;bin;rgs;gif;jpg;jpeg;jpe;resx;tiff;tif;png;wav;mfcribbon-ms</Extensions>
    </Filter>
  </ItemGroup>
  <ItemGroup>
    <ClCompile Include="01_hello_SDL\01_hello_SDL.cpp">
      <Filter>Source Files</Filter>
    </ClCompile>
    <ClCompile Include="02_getting_an_image_on_the_screen\02_getting_an_image_on_the_screen\02_getting_an_image_on_the_screen.cpp">
      <Filter>Source Files</Filter>
    </ClCompile>
    <ClCompile Include="03_event_driven_programming\03_event_driven_programming\03_event_driven_programming.cpp">
      <Filter>Source Files</Filter>
    </ClCompile>
    <ClCompile Include="04_key_presses\04_key_presses\04_key_presses.cpp">
      <Filter>Source Files</Filter>
    </ClCompile>
    <ClCompile Include="06_extension_libraries_and_loading_other_image_formats\06_extension_libraries_and_loading_other_image_formats\06_extension_libraries_and_loading_other_image_formats.cpp">
      <Filter>Source Files</Filter>
    </ClCompile>
    <ClCompile Include="08_geometry_rendering\08_geometry_rendering\08_geometry_rendering.cpp">
      <Filter>Source Files</Filter>
    </ClCompile>
    <ClCompile Include="09_the_viewport\09_the_viewport\09_the_viewport.cpp">
      <Filter>Source Files</Filter>
    </ClCompile>
    <ClCompile Include="11_clip_rendering_and_sprite_sheets\11_clip_rendering_and_sprite_sheets\11_clip_rendering_and_sprite_sheets.cpp">
      <Filter>Source Files</Filter>
    </ClCompile>
    <ClCompile Include="my_own.cpp">
      <Filter>Source Files</Filter>
    </ClCompile>
    <ClCompile Include="game.cpp">
      <Filter>Source Files</Filter>
    </ClCompile>
    <ClCompile Include="1.cpp">
      <Filter>Source Files</Filter>
    </ClCompile>
    <ClCompile Include="texture.cpp">
      <Filter>Source Files</Filter>
    </ClCompile>
    <ClCompile Include="gameobject.cpp">
      <Filter>Source Files</Filter>
    </ClCompile>
    <ClCompile Include="block.cpp">
      <Filter>Source Files</Filter>
    </ClCompile>
    <ClCompile Include="background.cpp">
      <Filter>Source Files</Filter>
    </ClCompile>
    <ClCompile Include="rope.cpp">
      <Filter>Source Files</Filter>
    </ClCompile>
    <ClCompile Include="scoreboard.cpp">
      <Filter>Source Files</Filter>
    </ClCompile>
    <ClCompile Include="Gameover.cpp">
      <Filter>Source Files</Filter>
    </ClCompile>
    <ClCompile Include="Heart.cpp">
      <Filter>Source Files</Filter>
    </ClCompile>
  </ItemGroup>
  <ItemGroup>
    <ClInclude Include="object.h">
      <Filter>Source Files</Filter>
    </ClInclude>
    <ClInclude Include="game.h">
      <Filter>Source Files</Filter>
    </ClInclude>
    <ClInclude Include="texture.h">
      <Filter>Source Files</Filter>
    </ClInclude>
    <ClInclude Include="gameobject.h">
      <Filter>Source Files</Filter>
    </ClInclude>
    <ClInclude Include="block.h">
      <Filter>Source Files</Filter>
    </ClInclude>
    <ClInclude Include="background.h">
      <Filter>Source Files</Filter>
    </ClInclude>
    <ClInclude Include="rope.h">
      <Filter>Source Files</Filter>
    </ClInclude>
    <ClInclude Include="scoreboard.h">
      <Filter>Source Files</Filter>
    </ClInclude>
    <ClInclude Include="gameover.h">
      <Filter>Source Files</Filter>
    </ClInclude>
    <ClInclude Include="Heart.h">
      <Filter>Source Files</Filter>
    </ClInclude>
  </ItemGroup>
</Project>